
Microsoft Visual Studio Solution File, Format Version 12.00
# Visual Studio Version 17
VisualStudioVersion = 17.6.33829.357
MinimumVisualStudioVersion = 10.0.40219.1
Project("{FAE04EC0-301F-11D3-BF4B-00C04F79EFBC}") = "Ticketing Domain", "Ticketing Domain.csproj", "{C8DA2DB3-5789-41CA-BCCC-FB991E24A567}"
EndProject
Project("{FAE04EC0-301F-11D3-BF4B-00C04F79EFBC}") = "Ticketing.Db", "..\Ticketing.Db\Ticketing.Db.csproj", "{A2E2F4CA-30A6-49A1-AAC1-4365A14C03CF}"
EndProject
Global
	GlobalSection(SolutionConfigurationPlatforms) = preSolution
		Debug|Any CPU = Debug|Any CPU
		Release|Any CPU = Release|Any CPU
	EndGlobalSection
	GlobalSection(ProjectConfigurationPlatforms) = postSolution
		{C8DA2DB3-5789-41CA-BCCC-FB991E24A567}.Debug|Any CPU.ActiveCfg = Debug|Any CPU
		{C8DA2DB3-5789-41CA-BCCC-FB991E24A567}.Debug|Any CPU.Build.0 = Debug|Any CPU
		{C8DA2DB3-5789-41CA-BCCC-FB991E24A567}.Release|Any CPU.ActiveCfg = Release|Any CPU
		{C8DA2DB3-5789-41CA-BCCC-FB991E24A567}.Release|Any CPU.Build.0 = Release|Any CPU
		{A2E2F4CA-30A6-49A1-AAC1-4365A14C03CF}.Debug|Any CPU.ActiveCfg = Debug|Any CPU
		{A2E2F4CA-30A6-49A1-AAC1-4365A14C03CF}.Debug|Any CPU.Build.0 = Debug|Any CPU
		{A2E2F4CA-30A6-49A1-AAC1-4365A14C03CF}.Release|Any CPU.ActiveCfg = Release|Any CPU
		{A2E2F4CA-30A6-49A1-AAC1-4365A14C03CF}.Release|Any CPU.Build.0 = Release|Any CPU
	EndGlobalSection
	GlobalSection(SolutionProperties) = preSolution
		HideSolutionNode = FALSE
	EndGlobalSection
	GlobalSection(ExtensibilityGlobals) = postSolution
		SolutionGuid = {04EE4A89-6030-4363-8BF0-F8FCCE8FC6BA}
	EndGlobalSection
EndGlobal
