
Microsoft Visual Studio Solution File, Format Version 12.00
# Visual Studio Version 17
VisualStudioVersion = 17.6.33829.357
MinimumVisualStudioVersion = 10.0.40219.1
Project("{9A19103F-16F7-4668-BE54-9A1E7A4F7556}") = "Ticketing.Db", "..\Ticketing.Db\Ticketing.Db.csproj", "{A2E2F4CA-30A6-49A1-AAC1-4365A14C03CF}"
EndProject
Project("{9A19103F-16F7-4668-BE54-9A1E7A4F7556}") = "Ticketing.Api.Client", "..\Ticketing.Client\Ticketing.Api.Client.csproj", "{7075AC3D-A1D7-4BC2-9456-E70010A4B93A}"
EndProject
Project("{9A19103F-16F7-4668-BE54-9A1E7A4F7556}") = "Ticketing.BL", "..\Ticketing.BL\Ticketing.BL.csproj", "{37B98198-2532-4F1E-B4E5-F6A2A2FD010C}"
EndProject
Project("{2150E333-8FDC-42A3-9474-1A3956D46DE8}") = "Tests", "Tests", "{C791BC06-A349-4AC8-A964-26421E45D1CD}"
EndProject
Project("{9A19103F-16F7-4668-BE54-9A1E7A4F7556}") = "Ticketing.Tests", "Ticketing.Tests\Ticketing.Tests.csproj", "{8346CF47-7FA8-48AD-AD78-2E526B10271A}"
EndProject
Project("{9A19103F-16F7-4668-BE54-9A1E7A4F7556}") = "Ticketing.Caching", "Ticketing.Caching\Ticketing.Caching.csproj", "{8B032DC0-5631-4E61-9815-225DD4D26B44}"
EndProject
Project("{FAE04EC0-301F-11D3-BF4B-00C04F79EFBC}") = "Ticketing.Notification", "Ticketing.Notification\Ticketing.Notification.csproj", "{2F51699E-C057-4B30-9537-9E066550D24F}"
EndProject
Project("{FAE04EC0-301F-11D3-BF4B-00C04F79EFBC}") = "Ticketing.NotificationHandler", "Ticketing.NotificationHandler\Ticketing.NotificationHandler.csproj", "{FE31A3C3-F14A-4FE2-89D9-D4BED0EAB707}"
EndProject
Global
	GlobalSection(SolutionConfigurationPlatforms) = preSolution
		Debug|Any CPU = Debug|Any CPU
		Release|Any CPU = Release|Any CPU
	EndGlobalSection
	GlobalSection(ProjectConfigurationPlatforms) = postSolution
		{A2E2F4CA-30A6-49A1-AAC1-4365A14C03CF}.Debug|Any CPU.ActiveCfg = Debug|Any CPU
		{A2E2F4CA-30A6-49A1-AAC1-4365A14C03CF}.Debug|Any CPU.Build.0 = Debug|Any CPU
		{A2E2F4CA-30A6-49A1-AAC1-4365A14C03CF}.Release|Any CPU.ActiveCfg = Release|Any CPU
		{A2E2F4CA-30A6-49A1-AAC1-4365A14C03CF}.Release|Any CPU.Build.0 = Release|Any CPU
		{7075AC3D-A1D7-4BC2-9456-E70010A4B93A}.Debug|Any CPU.ActiveCfg = Debug|Any CPU
		{7075AC3D-A1D7-4BC2-9456-E70010A4B93A}.Debug|Any CPU.Build.0 = Debug|Any CPU
		{7075AC3D-A1D7-4BC2-9456-E70010A4B93A}.Release|Any CPU.ActiveCfg = Release|Any CPU
		{7075AC3D-A1D7-4BC2-9456-E70010A4B93A}.Release|Any CPU.Build.0 = Release|Any CPU
		{37B98198-2532-4F1E-B4E5-F6A2A2FD010C}.Debug|Any CPU.ActiveCfg = Debug|Any CPU
		{37B98198-2532-4F1E-B4E5-F6A2A2FD010C}.Debug|Any CPU.Build.0 = Debug|Any CPU
		{37B98198-2532-4F1E-B4E5-F6A2A2FD010C}.Release|Any CPU.ActiveCfg = Release|Any CPU
		{37B98198-2532-4F1E-B4E5-F6A2A2FD010C}.Release|Any CPU.Build.0 = Release|Any CPU
		{8346CF47-7FA8-48AD-AD78-2E526B10271A}.Debug|Any CPU.ActiveCfg = Debug|Any CPU
		{8346CF47-7FA8-48AD-AD78-2E526B10271A}.Debug|Any CPU.Build.0 = Debug|Any CPU
		{8346CF47-7FA8-48AD-AD78-2E526B10271A}.Release|Any CPU.ActiveCfg = Release|Any CPU
		{8346CF47-7FA8-48AD-AD78-2E526B10271A}.Release|Any CPU.Build.0 = Release|Any CPU
		{8B032DC0-5631-4E61-9815-225DD4D26B44}.Debug|Any CPU.ActiveCfg = Debug|Any CPU
		{8B032DC0-5631-4E61-9815-225DD4D26B44}.Debug|Any CPU.Build.0 = Debug|Any CPU
		{8B032DC0-5631-4E61-9815-225DD4D26B44}.Release|Any CPU.ActiveCfg = Release|Any CPU
		{8B032DC0-5631-4E61-9815-225DD4D26B44}.Release|Any CPU.Build.0 = Release|Any CPU
		{2F51699E-C057-4B30-9537-9E066550D24F}.Debug|Any CPU.ActiveCfg = Debug|Any CPU
		{2F51699E-C057-4B30-9537-9E066550D24F}.Debug|Any CPU.Build.0 = Debug|Any CPU
		{2F51699E-C057-4B30-9537-9E066550D24F}.Release|Any CPU.ActiveCfg = Release|Any CPU
		{2F51699E-C057-4B30-9537-9E066550D24F}.Release|Any CPU.Build.0 = Release|Any CPU
		{FE31A3C3-F14A-4FE2-89D9-D4BED0EAB707}.Debug|Any CPU.ActiveCfg = Debug|Any CPU
		{FE31A3C3-F14A-4FE2-89D9-D4BED0EAB707}.Debug|Any CPU.Build.0 = Debug|Any CPU
		{FE31A3C3-F14A-4FE2-89D9-D4BED0EAB707}.Release|Any CPU.ActiveCfg = Release|Any CPU
		{FE31A3C3-F14A-4FE2-89D9-D4BED0EAB707}.Release|Any CPU.Build.0 = Release|Any CPU
	EndGlobalSection
	GlobalSection(SolutionProperties) = preSolution
		HideSolutionNode = FALSE
	EndGlobalSection
	GlobalSection(NestedProjects) = preSolution
		{8346CF47-7FA8-48AD-AD78-2E526B10271A} = {C791BC06-A349-4AC8-A964-26421E45D1CD}
	EndGlobalSection
	GlobalSection(ExtensibilityGlobals) = postSolution
		SolutionGuid = {04EE4A89-6030-4363-8BF0-F8FCCE8FC6BA}
	EndGlobalSection
EndGlobal
